
Microsoft Visual Studio Solution File, Format Version 10.00
# Visual Studio 2008
Global
	GlobalSection(SolutionConfigurationPlatforms) = preSolution
		Debug|Any CPU = Debug|Any CPU
		Release|Any CPU = Release|Any CPU
	EndGlobalSection
	GlobalSection(ProjectConfigurationPlatforms) = postSolution
		{B20F77CC-F1C4-468E-B5B4-385EEE4147C6}.Debug|Any CPU.ActiveCfg = Debug
		{B20F77CC-F1C4-468E-B5B4-385EEE4147C6}.Release|Any CPU.ActiveCfg = Release
	EndGlobalSection
	GlobalSection(SolutionProperties) = preSolution
		HideSolutionNode = FALSE
	EndGlobalSection
EndGlobal
